
Microsoft Visual Studio Solution File, Format Version 12.00
# Visual Studio Version 16
VisualStudioVersion = 16.0.28803.156
MinimumVisualStudioVersion = 10.0.40219.1
Project("{FAE04EC0-301F-11D3-BF4B-00C04F79EFBC}") = "iyul16", "iyul16\iyul16.csproj", "{AA06DA5A-6E57-428F-876A-87AFE1565D2F}"
EndProject
Global
	GlobalSection(SolutionConfigurationPlatforms) = preSolution
		Debug|Any CPU = Debug|Any CPU
		Release|Any CPU = Release|Any CPU
	EndGlobalSection
	GlobalSection(ProjectConfigurationPlatforms) = postSolution
		{AA06DA5A-6E57-428F-876A-87AFE1565D2F}.Debug|Any CPU.ActiveCfg = Debug|Any CPU
		{AA06DA5A-6E57-428F-876A-87AFE1565D2F}.Debug|Any CPU.Build.0 = Debug|Any CPU
		{AA06DA5A-6E57-428F-876A-87AFE1565D2F}.Release|Any CPU.ActiveCfg = Release|Any CPU
		{AA06DA5A-6E57-428F-876A-87AFE1565D2F}.Release|Any CPU.Build.0 = Release|Any CPU
	EndGlobalSection
	GlobalSection(SolutionProperties) = preSolution
		HideSolutionNode = FALSE
	EndGlobalSection
	GlobalSection(ExtensibilityGlobals) = postSolution
		SolutionGuid = {8DCFA407-6DAF-431B-8E6C-09C447A90A5C}
	EndGlobalSection
EndGlobal
